
Microsoft Visual Studio Solution File, Format Version 12.00
# Visual Studio 14
VisualStudioVersion = 14.0.25420.1
MinimumVisualStudioVersion = 10.0.40219.1
Project("{2150E333-8FDC-42A3-9474-1A3956D46DE8}") = "src", "src", "{4995B35A-569A-4FF6-B963-9F8750D8D7DB}"
EndProject
Project("{2150E333-8FDC-42A3-9474-1A3956D46DE8}") = "Solution Items", "Solution Items", "{AC1F0A96-72E7-4213-87CB-C332C62B0906}"
	ProjectSection(SolutionItems) = preProject
		global.json = global.json
	EndProjectSection
EndProject
Project("{8BB2217D-0F2D-49D1-97BC-3654ED321F3B}") = "MijnProject", "src\MijnProject\MijnProject.xproj", "{E0C99FFB-32D0-4A14-A5BF-DEEF78468234}"
EndProject
Global
	GlobalSection(SolutionConfigurationPlatforms) = preSolution
		Debug|Any CPU = Debug|Any CPU
		Release|Any CPU = Release|Any CPU
	EndGlobalSection
	GlobalSection(ProjectConfigurationPlatforms) = postSolution
		{E0C99FFB-32D0-4A14-A5BF-DEEF78468234}.Debug|Any CPU.ActiveCfg = Debug|Any CPU
		{E0C99FFB-32D0-4A14-A5BF-DEEF78468234}.Debug|Any CPU.Build.0 = Debug|Any CPU
		{E0C99FFB-32D0-4A14-A5BF-DEEF78468234}.Release|Any CPU.ActiveCfg = Release|Any CPU
		{E0C99FFB-32D0-4A14-A5BF-DEEF78468234}.Release|Any CPU.Build.0 = Release|Any CPU
	EndGlobalSection
	GlobalSection(SolutionProperties) = preSolution
		HideSolutionNode = FALSE
	EndGlobalSection
	GlobalSection(NestedProjects) = preSolution
		{E0C99FFB-32D0-4A14-A5BF-DEEF78468234} = {4995B35A-569A-4FF6-B963-9F8750D8D7DB}
	EndGlobalSection
EndGlobal
